
Microsoft Visual Studio Solution File, Format Version 12.00
# Visual Studio Version 16
VisualStudioVersion = 16.0.33927.289
MinimumVisualStudioVersion = 10.0.40219.1
Project("{FAE04EC0-301F-11D3-BF4B-00C04F79EFBC}") = "C-Ass-Enrollment", "C-Ass-Enrollment\C-Ass-Enrollment.csproj", "{39193316-3F51-473A-A71C-198B757443DB}"
EndProject
Global
	GlobalSection(SolutionConfigurationPlatforms) = preSolution
		Debug|Any CPU = Debug|Any CPU
		Release|Any CPU = Release|Any CPU
	EndGlobalSection
	GlobalSection(ProjectConfigurationPlatforms) = postSolution
		{39193316-3F51-473A-A71C-198B757443DB}.Debug|Any CPU.ActiveCfg = Debug|Any CPU
		{39193316-3F51-473A-A71C-198B757443DB}.Debug|Any CPU.Build.0 = Debug|Any CPU
		{39193316-3F51-473A-A71C-198B757443DB}.Release|Any CPU.ActiveCfg = Release|Any CPU
		{39193316-3F51-473A-A71C-198B757443DB}.Release|Any CPU.Build.0 = Release|Any CPU
	EndGlobalSection
	GlobalSection(SolutionProperties) = preSolution
		HideSolutionNode = FALSE
	EndGlobalSection
	GlobalSection(ExtensibilityGlobals) = postSolution
		SolutionGuid = {B503B630-7C90-48E7-905A-7DD56A8E6E48}
	EndGlobalSection
EndGlobal
